
Microsoft Visual Studio Solution File, Format Version 12.00
# Visual Studio 15
VisualStudioVersion = 15.0.28010.2050
MinimumVisualStudioVersion = 10.0.40219.1
Project("{9A19103F-16F7-4668-BE54-9A1E7A4F7556}") = "MaxBank", "MaxBank\MaxBank.csproj", "{E5D5487A-FB8A-4926-A2CE-A9BC9E66A29F}"
EndProject
Project("{FAE04EC0-301F-11D3-BF4B-00C04F79EFBC}") = "MaxBankTest", "MaxBankTest\MaxBankTest.csproj", "{A0622013-770A-4F1E-A57D-EDCC2DF7EDC7}"
EndProject
Global
	GlobalSection(SolutionConfigurationPlatforms) = preSolution
		Debug|Any CPU = Debug|Any CPU
		Release|Any CPU = Release|Any CPU
	EndGlobalSection
	GlobalSection(ProjectConfigurationPlatforms) = postSolution
		{E5D5487A-FB8A-4926-A2CE-A9BC9E66A29F}.Debug|Any CPU.ActiveCfg = Debug|Any CPU
		{E5D5487A-FB8A-4926-A2CE-A9BC9E66A29F}.Debug|Any CPU.Build.0 = Debug|Any CPU
		{E5D5487A-FB8A-4926-A2CE-A9BC9E66A29F}.Release|Any CPU.ActiveCfg = Release|Any CPU
		{E5D5487A-FB8A-4926-A2CE-A9BC9E66A29F}.Release|Any CPU.Build.0 = Release|Any CPU
		{A0622013-770A-4F1E-A57D-EDCC2DF7EDC7}.Debug|Any CPU.ActiveCfg = Debug|Any CPU
		{A0622013-770A-4F1E-A57D-EDCC2DF7EDC7}.Debug|Any CPU.Build.0 = Debug|Any CPU
		{A0622013-770A-4F1E-A57D-EDCC2DF7EDC7}.Release|Any CPU.ActiveCfg = Release|Any CPU
		{A0622013-770A-4F1E-A57D-EDCC2DF7EDC7}.Release|Any CPU.Build.0 = Release|Any CPU
	EndGlobalSection
	GlobalSection(SolutionProperties) = preSolution
		HideSolutionNode = FALSE
	EndGlobalSection
	GlobalSection(ExtensibilityGlobals) = postSolution
		SolutionGuid = {4EF953C8-2807-44C8-AD67-91CFD4C24D53}
	EndGlobalSection
EndGlobal
